
Microsoft Visual Studio Solution File, Format Version 12.00
# Visual Studio Version 17
VisualStudioVersion = 17.10.35013.160
MinimumVisualStudioVersion = 10.0.40219.1
Project("{FAE04EC0-301F-11D3-BF4B-00C04F79EFBC}") = "AvaliaMeuCurso.Api", "AvaliaMeuCurso.Api\AvaliaMeuCurso.Api.csproj", "{6F15D123-3DD8-4535-8420-9A4CEFD253D2}"
EndProject
Global
	GlobalSection(SolutionConfigurationPlatforms) = preSolution
		Debug|Any CPU = Debug|Any CPU
		Release|Any CPU = Release|Any CPU
	EndGlobalSection
	GlobalSection(ProjectConfigurationPlatforms) = postSolution
		{6F15D123-3DD8-4535-8420-9A4CEFD253D2}.Debug|Any CPU.ActiveCfg = Debug|Any CPU
		{6F15D123-3DD8-4535-8420-9A4CEFD253D2}.Debug|Any CPU.Build.0 = Debug|Any CPU
		{6F15D123-3DD8-4535-8420-9A4CEFD253D2}.Release|Any CPU.ActiveCfg = Release|Any CPU
		{6F15D123-3DD8-4535-8420-9A4CEFD253D2}.Release|Any CPU.Build.0 = Release|Any CPU
	EndGlobalSection
	GlobalSection(SolutionProperties) = preSolution
		HideSolutionNode = FALSE
	EndGlobalSection
	GlobalSection(ExtensibilityGlobals) = postSolution
		SolutionGuid = {D8C983A4-2FF8-4852-B043-E0F8E0FA76AF}
	EndGlobalSection
EndGlobal
