
Microsoft Visual Studio Solution File, Format Version 12.00
# Visual Studio Version 17
VisualStudioVersion = 17.10.35013.160
MinimumVisualStudioVersion = 10.0.40219.1
Project("{9A19103F-16F7-4668-BE54-9A1E7A4F7556}") = "AvaliaMeuCurso.Api", "AvaliaMeuCurso.Api\AvaliaMeuCurso.Api.csproj", "{6F15D123-3DD8-4535-8420-9A4CEFD253D2}"
EndProject
Project("{9A19103F-16F7-4668-BE54-9A1E7A4F7556}") = "AvaliaMeuCurso.Presentation", "AvaliaMeuCurso.Presentation\AvaliaMeuCurso.Presentation.csproj", "{EFF301C6-267B-4C2E-B380-0502CFE7FD72}"
EndProject
Project("{9A19103F-16F7-4668-BE54-9A1E7A4F7556}") = "AvaliaMeuCurso.Infrastructure", "AvaliaMeuCurso.Infrastructure\AvaliaMeuCurso.Infrastructure.csproj", "{88C03470-B732-4DD2-BA8E-922C54D4223D}"
EndProject
Project("{9A19103F-16F7-4668-BE54-9A1E7A4F7556}") = "AvaliaMeuCurso.Application", "AvaliaMeuCurso.Application\AvaliaMeuCurso.Application.csproj", "{E0545833-A362-4370-955B-DA11D9BEA024}"
EndProject
Project("{9A19103F-16F7-4668-BE54-9A1E7A4F7556}") = "AvaliaMeuCurso.Domain", "AvaliaMeuCurso.Domain\AvaliaMeuCurso.Domain.csproj", "{D1EEAF28-98F9-4A99-985F-4C97865945A1}"
EndProject
Project("{9A19103F-16F7-4668-BE54-9A1E7A4F7556}") = "AvaliaMeuCurso.Tests", "AvaliaMeuCurso.Tests\AvaliaMeuCurso.Tests.csproj", "{B4A3A172-CA1A-4F07-AD79-F6A3ECE8E6C2}"
EndProject
Global
	GlobalSection(SolutionConfigurationPlatforms) = preSolution
		Debug|Any CPU = Debug|Any CPU
		Release|Any CPU = Release|Any CPU
	EndGlobalSection
	GlobalSection(ProjectConfigurationPlatforms) = postSolution
		{6F15D123-3DD8-4535-8420-9A4CEFD253D2}.Debug|Any CPU.ActiveCfg = Debug|Any CPU
		{6F15D123-3DD8-4535-8420-9A4CEFD253D2}.Debug|Any CPU.Build.0 = Debug|Any CPU
		{6F15D123-3DD8-4535-8420-9A4CEFD253D2}.Release|Any CPU.ActiveCfg = Release|Any CPU
		{6F15D123-3DD8-4535-8420-9A4CEFD253D2}.Release|Any CPU.Build.0 = Release|Any CPU
		{EFF301C6-267B-4C2E-B380-0502CFE7FD72}.Debug|Any CPU.ActiveCfg = Debug|Any CPU
		{EFF301C6-267B-4C2E-B380-0502CFE7FD72}.Debug|Any CPU.Build.0 = Debug|Any CPU
		{EFF301C6-267B-4C2E-B380-0502CFE7FD72}.Release|Any CPU.ActiveCfg = Release|Any CPU
		{EFF301C6-267B-4C2E-B380-0502CFE7FD72}.Release|Any CPU.Build.0 = Release|Any CPU
		{88C03470-B732-4DD2-BA8E-922C54D4223D}.Debug|Any CPU.ActiveCfg = Debug|Any CPU
		{88C03470-B732-4DD2-BA8E-922C54D4223D}.Debug|Any CPU.Build.0 = Debug|Any CPU
		{88C03470-B732-4DD2-BA8E-922C54D4223D}.Release|Any CPU.ActiveCfg = Release|Any CPU
		{88C03470-B732-4DD2-BA8E-922C54D4223D}.Release|Any CPU.Build.0 = Release|Any CPU
		{E0545833-A362-4370-955B-DA11D9BEA024}.Debug|Any CPU.ActiveCfg = Debug|Any CPU
		{E0545833-A362-4370-955B-DA11D9BEA024}.Debug|Any CPU.Build.0 = Debug|Any CPU
		{E0545833-A362-4370-955B-DA11D9BEA024}.Release|Any CPU.ActiveCfg = Release|Any CPU
		{E0545833-A362-4370-955B-DA11D9BEA024}.Release|Any CPU.Build.0 = Release|Any CPU
		{D1EEAF28-98F9-4A99-985F-4C97865945A1}.Debug|Any CPU.ActiveCfg = Debug|Any CPU
		{D1EEAF28-98F9-4A99-985F-4C97865945A1}.Debug|Any CPU.Build.0 = Debug|Any CPU
		{D1EEAF28-98F9-4A99-985F-4C97865945A1}.Release|Any CPU.ActiveCfg = Release|Any CPU
		{D1EEAF28-98F9-4A99-985F-4C97865945A1}.Release|Any CPU.Build.0 = Release|Any CPU
		{B4A3A172-CA1A-4F07-AD79-F6A3ECE8E6C2}.Debug|Any CPU.ActiveCfg = Debug|Any CPU
		{B4A3A172-CA1A-4F07-AD79-F6A3ECE8E6C2}.Debug|Any CPU.Build.0 = Debug|Any CPU
		{B4A3A172-CA1A-4F07-AD79-F6A3ECE8E6C2}.Release|Any CPU.ActiveCfg = Release|Any CPU
		{B4A3A172-CA1A-4F07-AD79-F6A3ECE8E6C2}.Release|Any CPU.Build.0 = Release|Any CPU
	EndGlobalSection
	GlobalSection(SolutionProperties) = preSolution
		HideSolutionNode = FALSE
	EndGlobalSection
	GlobalSection(ExtensibilityGlobals) = postSolution
		SolutionGuid = {D8C983A4-2FF8-4852-B043-E0F8E0FA76AF}
	EndGlobalSection
EndGlobal
